
Microsoft Visual Studio Solution File, Format Version 12.00
# Visual Studio 14
VisualStudioVersion = 14.0.25420.1
MinimumVisualStudioVersion = 10.0.40219.1
Project("{FAE04EC0-301F-11D3-BF4B-00C04F79EFBC}") = "eProperty360", "eProperty360\eProperty360.csproj", "{F1815955-ED8A-4986-9387-DEE29850DA8F}"
EndProject
Project("{2150E333-8FDC-42A3-9474-1A3956D46DE8}") = "PublishScripts", "PublishScripts", "{8E1A9BAB-FEB9-41BA-868E-A65D7CB7A0A1}"
EndProject
Project("{2150E333-8FDC-42A3-9474-1A3956D46DE8}") = "Scripts", "Scripts", "{9815060D-C0F7-404B-9020-0AF3F23E5D38}"
EndProject
Project("{2150E333-8FDC-42A3-9474-1A3956D46DE8}") = "Templates", "Templates", "{C523D3A6-1B7F-45BC-A2CC-E4934AC3C9EB}"
	ProjectSection(SolutionItems) = preProject
		PublishScripts\Templates\eProperty360.json = PublishScripts\Templates\eProperty360.json
		PublishScripts\Templates\eProperty360.param.dev.json = PublishScripts\Templates\eProperty360.param.dev.json
	EndProjectSection
EndProject
Global
	GlobalSection(SolutionConfigurationPlatforms) = preSolution
		Debug|Any CPU = Debug|Any CPU
		Release|Any CPU = Release|Any CPU
	EndGlobalSection
	GlobalSection(ProjectConfigurationPlatforms) = postSolution
		{F1815955-ED8A-4986-9387-DEE29850DA8F}.Debug|Any CPU.ActiveCfg = Debug|Any CPU
		{F1815955-ED8A-4986-9387-DEE29850DA8F}.Debug|Any CPU.Build.0 = Debug|Any CPU
		{F1815955-ED8A-4986-9387-DEE29850DA8F}.Release|Any CPU.ActiveCfg = Release|Any CPU
		{F1815955-ED8A-4986-9387-DEE29850DA8F}.Release|Any CPU.Build.0 = Release|Any CPU
	EndGlobalSection
	GlobalSection(SolutionProperties) = preSolution
		HideSolutionNode = FALSE
	EndGlobalSection
	GlobalSection(NestedProjects) = preSolution
		{9815060D-C0F7-404B-9020-0AF3F23E5D38} = {8E1A9BAB-FEB9-41BA-868E-A65D7CB7A0A1}
		{C523D3A6-1B7F-45BC-A2CC-E4934AC3C9EB} = {8E1A9BAB-FEB9-41BA-868E-A65D7CB7A0A1}
	EndGlobalSection
EndGlobal
